PODS:
  - biometric_storage (0.0.1):
    - Flutter
  - Flutter (1.0.0)
  - MTBBarcodeScanner (5.0.11)
  - qr_code_scanner_plus (0.2.6):
    - Flutter
    - MTBBarcodeScanner
  - SQLite.swift (0.12.2):
    - SQLite.swift/standard (= 0.12.2)
  - SQLite.swift/standard (0.12.2)

DEPENDENCIES:
  - biometric_storage (from `.symlinks/plugins/biometric_storage/ios`)
  - Flutter (from `Flutter`)
  - qr_code_scanner_plus (from `.symlinks/plugins/qr_code_scanner_plus/ios`)
  - SQLite.swift (~> 0.12.0)

SPEC REPOS:
  trunk:
    - MTBBarcodeScanner
    - SQLite.swift

EXTERNAL SOURCES:
  biometric_storage:
    :path: ".symlinks/plugins/biometric_storage/ios"
  Flutter:
    :path: Flutter
  qr_code_scanner_plus:
    :path: ".symlinks/plugins/qr_code_scanner_plus/ios"

SPEC CHECKSUMS:
  biometric_storage: 662167ef947fba48891850f0b3042f892a839e9a
  Flutter: e0871f40cf51350855a761d2e70bf5af5b9b5de7
  MTBBarcodeScanner: f453b33c4b7dfe545d8c6484ed744d55671788cb
  qr_code_scanner_plus: 7e087021bc69873140e0754750eb87d867bed755
  SQLite.swift: d2b4642190917051ce6bd1d49aab565fe794eea3

PODFILE CHECKSUM: 5fcdf7a19f7c083f0555df614a7325d20f167b3a

COCOAPODS: 1.16.2
